
Microsoft Visual Studio Solution File, Format Version 12.00
# Visual Studio Version 17
VisualStudioVersion = 17.8.34511.84
MinimumVisualStudioVersion = 10.0.40219.1
Project("{9A19103F-16F7-4668-BE54-9A1E7A4F7556}") = "LLStudy_Models", "LLStudy_Models\LLStudy_Models.csproj", "{140D7867-052D-4BE1-9721-5C92356CC478}"
EndProject
Project("{FAE04EC0-301F-11D3-BF4B-00C04F79EFBC}") = "Testing", "Testing\Testing.csproj", "{DF5BED67-6787-4572-B7CD-C59E305BAF79}"
EndProject
Global
	GlobalSection(SolutionConfigurationPlatforms) = preSolution
		Debug|Any CPU = Debug|Any CPU
		Release|Any CPU = Release|Any CPU
	EndGlobalSection
	GlobalSection(ProjectConfigurationPlatforms) = postSolution
		{140D7867-052D-4BE1-9721-5C92356CC478}.Debug|Any CPU.ActiveCfg = Debug|Any CPU
		{140D7867-052D-4BE1-9721-5C92356CC478}.Debug|Any CPU.Build.0 = Debug|Any CPU
		{140D7867-052D-4BE1-9721-5C92356CC478}.Release|Any CPU.ActiveCfg = Release|Any CPU
		{140D7867-052D-4BE1-9721-5C92356CC478}.Release|Any CPU.Build.0 = Release|Any CPU
		{DF5BED67-6787-4572-B7CD-C59E305BAF79}.Debug|Any CPU.ActiveCfg = Debug|Any CPU
		{DF5BED67-6787-4572-B7CD-C59E305BAF79}.Debug|Any CPU.Build.0 = Debug|Any CPU
		{DF5BED67-6787-4572-B7CD-C59E305BAF79}.Release|Any CPU.ActiveCfg = Release|Any CPU
		{DF5BED67-6787-4572-B7CD-C59E305BAF79}.Release|Any CPU.Build.0 = Release|Any CPU
	EndGlobalSection
	GlobalSection(SolutionProperties) = preSolution
		HideSolutionNode = FALSE
	EndGlobalSection
	GlobalSection(ExtensibilityGlobals) = postSolution
		SolutionGuid = {15A69DBF-222F-41B6-8ED4-BE9140043401}
	EndGlobalSection
EndGlobal
